// !$*UTF8*$!
{
	archiveVersion = 1;
	classes = {
	};
	objectVersion = 55;
	objects = {

/* Begin PBXBuildFile section */
		5807A21327716076002847DF /* Woof Walk WatchKit App.app in Embed Watch Content */ = {isa = PBXBuildFile; fileRef = 5807A21227716076002847DF /* Woof Walk WatchKit App.app */; settings = {ATTRIBUTES = (RemoveHeadersOnCopy, ); }; };
		5807A21827716080002847DF /* Assets.xcassets in Resources */ = {isa = PBXBuildFile; fileRef = 5807A21727716080002847DF /* Assets.xcassets */; };
		5807A21E27716080002847DF /* Woof Walk WatchKit Extension.appex in Embed App Extensions */ = {isa = PBXBuildFile; fileRef = 5807A21D27716080002847DF /* Woof Walk WatchKit Extension.appex */; settings = {ATTRIBUTES = (RemoveHeadersOnCopy, ); }; };
		5807A22327716080002847DF /* Woof_WalkApp.swift in Sources */ = {isa = PBXBuildFile; fileRef = 5807A22227716080002847DF /* Woof_WalkApp.swift */; };
		5807A22527716080002847DF /* MainMenuView.swift in Sources */ = {isa = PBXBuildFile; fileRef = 5807A22427716080002847DF /* MainMenuView.swift */; };
		5807A22727716080002847DF /* NotificationController.swift in Sources */ = {isa = PBXBuildFile; fileRef = 5807A22627716080002847DF /* NotificationController.swift */; };
		5807A22927716080002847DF /* NotificationView.swift in Sources */ = {isa = PBXBuildFile; fileRef = 5807A22827716080002847DF /* NotificationView.swift */; };
		5807A22B27716080002847DF /* ComplicationController.swift in Sources */ = {isa = PBXBuildFile; fileRef = 5807A22A27716080002847DF /* ComplicationController.swift */; };
		5807A22D27716081002847DF /* Assets.xcassets in Resources */ = {isa = PBXBuildFile; fileRef = 5807A22C27716081002847DF /* Assets.xcassets */; };
		5807A23027716081002847DF /* Preview Assets.xcassets in Resources */ = {isa = PBXBuildFile; fileRef = 5807A22F27716081002847DF /* Preview Assets.xcassets */; };
		5807A2452771611B002847DF /* HealthKit.framework in Frameworks */ = {isa = PBXBuildFile; fileRef = 5807A2442771611B002847DF /* HealthKit.framework */; };
		5807A24727716398002847DF /* SessionPagingView.swift in Sources */ = {isa = PBXBuildFile; fileRef = 5807A24627716398002847DF /* SessionPagingView.swift */; };
		5807A24927716425002847DF /* MetricsView.swift in Sources */ = {isa = PBXBuildFile; fileRef = 5807A24827716425002847DF /* MetricsView.swift */; };
		5807A24B277164E9002847DF /* ElapsedTimeView.swift in Sources */ = {isa = PBXBuildFile; fileRef = 5807A24A277164E9002847DF /* ElapsedTimeView.swift */; };
		5807A24D27716503002847DF /* ControlsView.swift in Sources */ = {isa = PBXBuildFile; fileRef = 5807A24C27716503002847DF /* ControlsView.swift */; };
		5807A24F27716572002847DF /* WorkoutManager.swift in Sources */ = {isa = PBXBuildFile; fileRef = 5807A24E27716572002847DF /* WorkoutManager.swift */; };
		5807A2542771678C002847DF /* ActivityRingsView.swift in Sources */ = {isa = PBXBuildFile; fileRef = 5807A2532771678C002847DF /* ActivityRingsView.swift */; };
		5807A2562771679D002847DF /* SummaryView.swift in Sources */ = {isa = PBXBuildFile; fileRef = 5807A2552771679D002847DF /* SummaryView.swift */; };
		5807A25B2773E7DC002847DF /* SettingsView.swift in Sources */ = {isa = PBXBuildFile; fileRef = 5807A25A2773E7DC002847DF /* SettingsView.swift */; };
		5807A25D2773E878002847DF /* StartView.swift in Sources */ = {isa = PBXBuildFile; fileRef = 5807A25C2773E878002847DF /* StartView.swift */; };
		76D6AD7C2774E79D00B464E8 /* UserSettings.swift in Sources */ = {isa = PBXBuildFile; fileRef = 76D6AD7B2774E79D00B464E8 /* UserSettings.swift */; };
		76D6AD802774EB5A00B464E8 /* Walks.swift in Sources */ = {isa = PBXBuildFile; fileRef = 76D6AD7F2774EB5A00B464E8 /* Walks.swift */; };
/* End PBXBuildFile section */

/* Begin PBXContainerItemProxy section */
		5807A21427716076002847DF /* PBXContainerItemProxy */ = {
			isa = PBXContainerItemProxy;
			containerPortal = 5807A20827716075002847DF /* Project object */;
			proxyType = 1;
			remoteGlobalIDString = 5807A21127716076002847DF;
			remoteInfo = "Woof Walk WatchKit App";
		};
		5807A21F27716080002847DF /* PBXContainerItemProxy */ = {
			isa = PBXContainerItemProxy;
			containerPortal = 5807A20827716075002847DF /* Project object */;
			proxyType = 1;
			remoteGlobalIDString = 5807A21C27716080002847DF;
			remoteInfo = "Woof Walk WatchKit Extension";
		};
/* End PBXContainerItemProxy section */

/* Begin PBXCopyFilesBuildPhase section */
		5807A23827716081002847DF /* Embed App Extensions */ = {
			isa = PBXCopyFilesBuildPhase;
			buildActionMask = 2147483647;
			dstPath = "";
			dstSubfolderSpec = 13;
			files = (
				5807A21E27716080002847DF /* Woof Walk WatchKit Extension.appex in Embed App Extensions */,
			);
			name = "Embed App Extensions";
			runOnlyForDeploymentPostprocessing = 0;
		};
		5807A23C27716081002847DF /* Embed Watch Content */ = {
			isa = PBXCopyFilesBuildPhase;
			buildActionMask = 2147483647;
			dstPath = "$(CONTENTS_FOLDER_PATH)/Watch";
			dstSubfolderSpec = 16;
			files = (
				5807A21327716076002847DF /* Woof Walk WatchKit App.app in Embed Watch Content */,
			);
			name = "Embed Watch Content";
			runOnlyForDeploymentPostprocessing = 0;
		};
/* End PBXCopyFilesBuildPhase section */

/* Begin PBXFileReference section */
		5807A20E27716075002847DF /* Woof Walk.app */ = {isa = PBXFileReference; explicitFileType = wrapper.application; includeInIndex = 0; path = "Woof Walk.app"; sourceTree = BUILT_PRODUCTS_DIR; };
		5807A21227716076002847DF /* Woof Walk WatchKit App.app */ = {isa = PBXFileReference; explicitFileType = wrapper.application; includeInIndex = 0; path = "Woof Walk WatchKit App.app"; sourceTree = BUILT_PRODUCTS_DIR; };
		5807A21727716080002847DF /* Assets.xcassets */ = {isa = PBXFileReference; lastKnownFileType = folder.assetcatalog; path = Assets.xcassets; sourceTree = "<group>"; };
		5807A21D27716080002847DF /* Woof Walk WatchKit Extension.appex */ = {isa = PBXFileReference; explicitFileType = "wrapper.app-extension"; includeInIndex = 0; path = "Woof Walk WatchKit Extension.appex"; sourceTree = BUILT_PRODUCTS_DIR; };
		5807A22227716080002847DF /* Woof_WalkApp.swift */ = {isa = PBXFileReference; lastKnownFileType = sourcecode.swift; path = Woof_WalkApp.swift; sourceTree = "<group>"; };
		5807A22427716080002847DF /* MainMenuView.swift */ = {isa = PBXFileReference; lastKnownFileType = sourcecode.swift; path = MainMenuView.swift; sourceTree = "<group>"; };
		5807A22627716080002847DF /* NotificationController.swift */ = {isa = PBXFileReference; lastKnownFileType = sourcecode.swift; path = NotificationController.swift; sourceTree = "<group>"; };
		5807A22827716080002847DF /* NotificationView.swift */ = {isa = PBXFileReference; lastKnownFileType = sourcecode.swift; path = NotificationView.swift; sourceTree = "<group>"; };
		5807A22A27716080002847DF /* ComplicationController.swift */ = {isa = PBXFileReference; lastKnownFileType = sourcecode.swift; path = ComplicationController.swift; sourceTree = "<group>"; };
		5807A22C27716081002847DF /* Assets.xcassets */ = {isa = PBXFileReference; lastKnownFileType = folder.assetcatalog; path = Assets.xcassets; sourceTree = "<group>"; };
		5807A22F27716081002847DF /* Preview Assets.xcassets */ = {isa = PBXFileReference; lastKnownFileType = folder.assetcatalog; path = "Preview Assets.xcassets"; sourceTree = "<group>"; };
		5807A23127716081002847DF /* Info.plist */ = {isa = PBXFileReference; lastKnownFileType = text.plist.xml; path = Info.plist; sourceTree = "<group>"; };
		5807A23227716081002847DF /* PushNotificationPayload.apns */ = {isa = PBXFileReference; lastKnownFileType = text; path = PushNotificationPayload.apns; sourceTree = "<group>"; };
		5807A2422771611B002847DF /* Woof Walk WatchKit Extension.entitlements */ = {isa = PBXFileReference; lastKnownFileType = text.plist.entitlements; path = "Woof Walk WatchKit Extension.entitlements"; sourceTree = "<group>"; };
		5807A2442771611B002847DF /* HealthKit.framework */ = {isa = PBXFileReference; lastKnownFileType = wrapper.framework; name = HealthKit.framework; path = Platforms/WatchOS.platform/Developer/SDKs/WatchOS8.3.sdk/System/Library/Frameworks/HealthKit.framework; sourceTree = DEVELOPER_DIR; };
		5807A24627716398002847DF /* SessionPagingView.swift */ = {isa = PBXFileReference; lastKnownFileType = sourcecode.swift; path = SessionPagingView.swift; sourceTree = "<group>"; };
		5807A24827716425002847DF /* MetricsView.swift */ = {isa = PBXFileReference; lastKnownFileType = sourcecode.swift; path = MetricsView.swift; sourceTree = "<group>"; };
		5807A24A277164E9002847DF /* ElapsedTimeView.swift */ = {isa = PBXFileReference; lastKnownFileType = sourcecode.swift; path = ElapsedTimeView.swift; sourceTree = "<group>"; };
		5807A24C27716503002847DF /* ControlsView.swift */ = {isa = PBXFileReference; lastKnownFileType = sourcecode.swift; path = ControlsView.swift; sourceTree = "<group>"; };
		5807A24E27716572002847DF /* WorkoutManager.swift */ = {isa = PBXFileReference; lastKnownFileType = sourcecode.swift; path = WorkoutManager.swift; sourceTree = "<group>"; };
		5807A2532771678C002847DF /* ActivityRingsView.swift */ = {isa = PBXFileReference; lastKnownFileType = sourcecode.swift; path = ActivityRingsView.swift; sourceTree = "<group>"; };
		5807A2552771679D002847DF /* SummaryView.swift */ = {isa = PBXFileReference; lastKnownFileType = sourcecode.swift; path = SummaryView.swift; sourceTree = "<group>"; };
		5807A25A2773E7DC002847DF /* SettingsView.swift */ = {isa = PBXFileReference; lastKnownFileType = sourcecode.swift; path = SettingsView.swift; sourceTree = "<group>"; };
		5807A25C2773E878002847DF /* StartView.swift */ = {isa = PBXFileReference; lastKnownFileType = sourcecode.swift; path = StartView.swift; sourceTree = "<group>"; };
		76D6AD7B2774E79D00B464E8 /* UserSettings.swift */ = {isa = PBXFileReference; lastKnownFileType = sourcecode.swift; path = UserSettings.swift; sourceTree = "<group>"; };
		76D6AD7F2774EB5A00B464E8 /* Walks.swift */ = {isa = PBXFileReference; lastKnownFileType = sourcecode.swift; path = Walks.swift; sourceTree = "<group>"; };
/* End PBXFileReference section */

/* Begin PBXFrameworksBuildPhase section */
		5807A21A27716080002847DF /* Frameworks */ = {
			isa = PBXFrameworksBuildPhase;
			buildActionMask = 2147483647;
			files = (
				5807A2452771611B002847DF /* HealthKit.framework in Frameworks */,
			);
			runOnlyForDeploymentPostprocessing = 0;
		};
/* End PBXFrameworksBuildPhase section */

/* Begin PBXGroup section */
		5807A20727716075002847DF = {
			isa = PBXGroup;
			children = (
				5807A21627716076002847DF /* Woof Walk WatchKit App */,
				5807A22127716080002847DF /* Woof Walk WatchKit Extension */,
				5807A20F27716075002847DF /* Products */,
				5807A2432771611B002847DF /* Frameworks */,
			);
			sourceTree = "<group>";
		};
		5807A20F27716075002847DF /* Products */ = {
			isa = PBXGroup;
			children = (
				5807A20E27716075002847DF /* Woof Walk.app */,
				5807A21227716076002847DF /* Woof Walk WatchKit App.app */,
				5807A21D27716080002847DF /* Woof Walk WatchKit Extension.appex */,
			);
			name = Products;
			sourceTree = "<group>";
		};
		5807A21627716076002847DF /* Woof Walk WatchKit App */ = {
			isa = PBXGroup;
			children = (
				5807A21727716080002847DF /* Assets.xcassets */,
			);
			path = "Woof Walk WatchKit App";
			sourceTree = "<group>";
		};
		5807A22127716080002847DF /* Woof Walk WatchKit Extension */ = {
			isa = PBXGroup;
			children = (
				5807A2422771611B002847DF /* Woof Walk WatchKit Extension.entitlements */,
				5807A22227716080002847DF /* Woof_WalkApp.swift */,
				5807A25027716619002847DF /* Views */,
				76D6AD7B2774E79D00B464E8 /* UserSettings.swift */,
				76D6AD7F2774EB5A00B464E8 /* Walks.swift */,
				5807A24E27716572002847DF /* WorkoutManager.swift */,
				5807A22627716080002847DF /* NotificationController.swift */,
				5807A22827716080002847DF /* NotificationView.swift */,
				5807A22A27716080002847DF /* ComplicationController.swift */,
				5807A22C27716081002847DF /* Assets.xcassets */,
				5807A23127716081002847DF /* Info.plist */,
				5807A23227716081002847DF /* PushNotificationPayload.apns */,
				5807A22E27716081002847DF /* Preview Content */,
			);
			path = "Woof Walk WatchKit Extension";
			sourceTree = "<group>";
		};
		5807A22E27716081002847DF /* Preview Content */ = {
			isa = PBXGroup;
			children = (
				5807A22F27716081002847DF /* Preview Assets.xcassets */,
			);
			path = "Preview Content";
			sourceTree = "<group>";
		};
		5807A2432771611B002847DF /* Frameworks */ = {
			isa = PBXGroup;
			children = (
				5807A2442771611B002847DF /* HealthKit.framework */,
			);
			name = Frameworks;
			sourceTree = "<group>";
		};
		5807A25027716619002847DF /* Views */ = {
			isa = PBXGroup;
			children = (
				5807A22427716080002847DF /* MainMenuView.swift */,
				5807A25C2773E878002847DF /* StartView.swift */,
				5807A25A2773E7DC002847DF /* SettingsView.swift */,
				5807A24627716398002847DF /* SessionPagingView.swift */,
				5807A24A277164E9002847DF /* ElapsedTimeView.swift */,
				5807A24C27716503002847DF /* ControlsView.swift */,
				5807A24827716425002847DF /* MetricsView.swift */,
				5807A2532771678C002847DF /* ActivityRingsView.swift */,
				5807A2552771679D002847DF /* SummaryView.swift */,
			);
			path = Views;
			sourceTree = "<group>";
		};
/* End PBXGroup section */

/* Begin PBXNativeTarget section */
		5807A20D27716075002847DF /* Woof Walk */ = {
			isa = PBXNativeTarget;
			buildConfigurationList = 5807A23D27716081002847DF /* Build configuration list for PBXNativeTarget "Woof Walk" */;
			buildPhases = (
				5807A20C27716075002847DF /* Resources */,
				5807A23C27716081002847DF /* Embed Watch Content */,
			);
			buildRules = (
			);
			dependencies = (
				5807A21527716076002847DF /* PBXTargetDependency */,
			);
			name = "Woof Walk";
			productName = "Woof Walk";
			productReference = 5807A20E27716075002847DF /* Woof Walk.app */;
			productType = "com.apple.product-type.application.watchapp2-container";
		};
		5807A21127716076002847DF /* Woof Walk WatchKit App */ = {
			isa = PBXNativeTarget;
			buildConfigurationList = 5807A23927716081002847DF /* Build configuration list for PBXNativeTarget "Woof Walk WatchKit App" */;
			buildPhases = (
				5807A21027716076002847DF /* Resources */,
				5807A23827716081002847DF /* Embed App Extensions */,
			);
			buildRules = (
			);
			dependencies = (
				5807A22027716080002847DF /* PBXTargetDependency */,
			);
			name = "Woof Walk WatchKit App";
			productName = "Woof Walk WatchKit App";
			productReference = 5807A21227716076002847DF /* Woof Walk WatchKit App.app */;
			productType = "com.apple.product-type.application.watchapp2";
		};
		5807A21C27716080002847DF /* Woof Walk WatchKit Extension */ = {
			isa = PBXNativeTarget;
			buildConfigurationList = 5807A23527716081002847DF /* Build configuration list for PBXNativeTarget "Woof Walk WatchKit Extension" */;
			buildPhases = (
				5807A21927716080002847DF /* Sources */,
				5807A21A27716080002847DF /* Frameworks */,
				5807A21B27716080002847DF /* Resources */,
			);
			buildRules = (
			);
			dependencies = (
			);
			name = "Woof Walk WatchKit Extension";
			productName = "Woof Walk WatchKit Extension";
			productReference = 5807A21D27716080002847DF /* Woof Walk WatchKit Extension.appex */;
			productType = "com.apple.product-type.watchkit2-extension";
		};
/* End PBXNativeTarget section */

/* Begin PBXProject section */
		5807A20827716075002847DF /* Project object */ = {
			isa = PBXProject;
			attributes = {
				BuildIndependentTargetsInParallel = 1;
				LastSwiftUpdateCheck = 1320;
				LastUpgradeCheck = 1320;
				TargetAttributes = {
					5807A20D27716075002847DF = {
						CreatedOnToolsVersion = 13.2.1;
					};
					5807A21127716076002847DF = {
						CreatedOnToolsVersion = 13.2.1;
					};
					5807A21C27716080002847DF = {
						CreatedOnToolsVersion = 13.2.1;
					};
				};
			};
			buildConfigurationList = 5807A20B27716075002847DF /* Build configuration list for PBXProject "Woof Walk" */;
			compatibilityVersion = "Xcode 13.0";
			developmentRegion = en;
			hasScannedForEncodings = 0;
			knownRegions = (
				en,
				Base,
			);
			mainGroup = 5807A20727716075002847DF;
			productRefGroup = 5807A20F27716075002847DF /* Products */;
			projectDirPath = "";
			projectRoot = "";
			targets = (
				5807A20D27716075002847DF /* Woof Walk */,
				5807A21127716076002847DF /* Woof Walk WatchKit App */,
				5807A21C27716080002847DF /* Woof Walk WatchKit Extension */,
			);
		};
/* End PBXProject section */

/* Begin PBXResourcesBuildPhase section */
		5807A20C27716075002847DF /* Resources */ = {
			isa = PBXResourcesBuildPhase;
			buildActionMask = 2147483647;
			files = (
			);
			runOnlyForDeploymentPostprocessing = 0;
		};
		5807A21027716076002847DF /* Resources */ = {
			isa = PBXResourcesBuildPhase;
			buildActionMask = 2147483647;
			files = (
				5807A21827716080002847DF /* Assets.xcassets in Resources */,
			);
			runOnlyForDeploymentPostprocessing = 0;
		};
		5807A21B27716080002847DF /* Resources */ = {
			isa = PBXResourcesBuildPhase;
			buildActionMask = 2147483647;
			files = (
				5807A23027716081002847DF /* Preview Assets.xcassets in Resources */,
				5807A22D27716081002847DF /* Assets.xcassets in Resources */,
			);
			runOnlyForDeploymentPostprocessing = 0;
		};
/* End PBXResourcesBuildPhase section */

/* Begin PBXSourcesBuildPhase section */
		5807A21927716080002847DF /* Sources */ = {
			isa = PBXSourcesBuildPhase;
			buildActionMask = 2147483647;
			files = (
				5807A24727716398002847DF /* SessionPagingView.swift in Sources */,
				5807A22727716080002847DF /* NotificationController.swift in Sources */,
				5807A22527716080002847DF /* MainMenuView.swift in Sources */,
				5807A2542771678C002847DF /* ActivityRingsView.swift in Sources */,
				5807A24F27716572002847DF /* WorkoutManager.swift in Sources */,
				5807A25D2773E878002847DF /* StartView.swift in Sources */,
				5807A2562771679D002847DF /* SummaryView.swift in Sources */,
				5807A25B2773E7DC002847DF /* SettingsView.swift in Sources */,
				76D6AD802774EB5A00B464E8 /* Walks.swift in Sources */,
				5807A22B27716080002847DF /* ComplicationController.swift in Sources */,
				5807A22327716080002847DF /* Woof_WalkApp.swift in Sources */,
				5807A24927716425002847DF /* MetricsView.swift in Sources */,
				5807A24B277164E9002847DF /* ElapsedTimeView.swift in Sources */,
				5807A24D27716503002847DF /* ControlsView.swift in Sources */,
				76D6AD7C2774E79D00B464E8 /* UserSettings.swift in Sources */,
				5807A22927716080002847DF /* NotificationView.swift in Sources */,
			);
			runOnlyForDeploymentPostprocessing = 0;
		};
/* End PBXSourcesBuildPhase section */

/* Begin PBXTargetDependency section */
		5807A21527716076002847DF /* PBXTargetDependency */ = {
			isa = PBXTargetDependency;
			target = 5807A21127716076002847DF /* Woof Walk WatchKit App */;
			targetProxy = 5807A21427716076002847DF /* PBXContainerItemProxy */;
		};
		5807A22027716080002847DF /* PBXTargetDependency */ = {
			isa = PBXTargetDependency;
			target = 5807A21C27716080002847DF /* Woof Walk WatchKit Extension */;
			targetProxy = 5807A21F27716080002847DF /* PBXContainerItemProxy */;
		};
/* End PBXTargetDependency section */

/* Begin XCBuildConfiguration section */
		5807A23327716081002847DF /* Debug */ = {
			isa = XCBuildConfiguration;
			buildSettings = {
				ALWAYS_SEARCH_USER_PATHS = NO;
				CLANG_ANALYZER_NONNULL = YES;
				CLANG_ANALYZER_NUMBER_OBJECT_CONVERSION = YES_AGGRESSIVE;
				CLANG_CXX_LANGUAGE_STANDARD = "gnu++17";
				CLANG_CXX_LIBRARY = "libc++";
				CLANG_ENABLE_MODULES = YES;
				CLANG_ENABLE_OBJC_ARC = YES;
				CLANG_ENABLE_OBJC_WEAK = YES;
				CLANG_WARN_BLOCK_CAPTURE_AUTORELEASING = YES;
				CLANG_WARN_BOOL_CONVERSION = YES;
				CLANG_WARN_COMMA = YES;
				CLANG_WARN_CONSTANT_CONVERSION = YES;
				CLANG_WARN_DEPRECATED_OBJC_IMPLEMENTATIONS = YES;
				CLANG_WARN_DIRECT_OBJC_ISA_USAGE = YES_ERROR;
				CLANG_WARN_DOCUMENTATION_COMMENTS = YES;
				CLANG_WARN_EMPTY_BODY = YES;
				CLANG_WARN_ENUM_CONVERSION = YES;
				CLANG_WARN_INFINITE_RECURSION = YES;
				CLANG_WARN_INT_CONVERSION = YES;
				CLANG_WARN_NON_LITERAL_NULL_CONVERSION = YES;
				CLANG_WARN_OBJC_IMPLICIT_RETAIN_SELF = YES;
				CLANG_WARN_OBJC_LITERAL_CONVERSION = YES;
				CLANG_WARN_OBJC_ROOT_CLASS = YES_ERROR;
				CLANG_WARN_QUOTED_INCLUDE_IN_FRAMEWORK_HEADER = YES;
				CLANG_WARN_RANGE_LOOP_ANALYSIS = YES;
				CLANG_WARN_STRICT_PROTOTYPES = YES;
				CLANG_WARN_SUSPICIOUS_MOVE = YES;
				CLANG_WARN_UNGUARDED_AVAILABILITY = YES_AGGRESSIVE;
				CLANG_WARN_UNREACHABLE_CODE = YES;
				CLANG_WARN__DUPLICATE_METHOD_MATCH = YES;
				COPY_PHASE_STRIP = NO;
				DEBUG_INFORMATION_FORMAT = dwarf;
				ENABLE_STRICT_OBJC_MSGSEND = YES;
				ENABLE_TESTABILITY = YES;
				GCC_C_LANGUAGE_STANDARD = gnu11;
				GCC_DYNAMIC_NO_PIC = NO;
				GCC_NO_COMMON_BLOCKS = YES;
				GCC_OPTIMIZATION_LEVEL = 0;
				GCC_PREPROCESSOR_DEFINITIONS = (
					"DEBUG=1",
					"$(inherited)",
				);
				GCC_WARN_64_TO_32_BIT_CONVERSION = YES;
				GCC_WARN_ABOUT_RETURN_TYPE = YES_ERROR;
				GCC_WARN_UNDECLARED_SELECTOR = YES;
				GCC_WARN_UNINITIALIZED_AUTOS = YES_AGGRESSIVE;
				GCC_WARN_UNUSED_FUNCTION = YES;
				GCC_WARN_UNUSED_VARIABLE = YES;
				MTL_ENABLE_DEBUG_INFO = INCLUDE_SOURCE;
				MTL_FAST_MATH = YES;
				ONLY_ACTIVE_ARCH = YES;
				SDKROOT = iphoneos;
				SWIFT_ACTIVE_COMPILATION_CONDITIONS = DEBUG;
				SWIFT_OPTIMIZATION_LEVEL = "-Onone";
			};
			name = Debug;
		};
		5807A23427716081002847DF /* Release */ = {
			isa = XCBuildConfiguration;
			buildSettings = {
				ALWAYS_SEARCH_USER_PATHS = NO;
				CLANG_ANALYZER_NONNULL = YES;
				CLANG_ANALYZER_NUMBER_OBJECT_CONVERSION = YES_AGGRESSIVE;
				CLANG_CXX_LANGUAGE_STANDARD = "gnu++17";
				CLANG_CXX_LIBRARY = "libc++";
				CLANG_ENABLE_MODULES = YES;
				CLANG_ENABLE_OBJC_ARC = YES;
				CLANG_ENABLE_OBJC_WEAK = YES;
				CLANG_WARN_BLOCK_CAPTURE_AUTORELEASING = YES;
				CLANG_WARN_BOOL_CONVERSION = YES;
				CLANG_WARN_COMMA = YES;
				CLANG_WARN_CONSTANT_CONVERSION = YES;
				CLANG_WARN_DEPRECATED_OBJC_IMPLEMENTATIONS = YES;
				CLANG_WARN_DIRECT_OBJC_ISA_USAGE = YES_ERROR;
				CLANG_WARN_DOCUMENTATION_COMMENTS = YES;
				CLANG_WARN_EMPTY_BODY = YES;
				CLANG_WARN_ENUM_CONVERSION = YES;
				CLANG_WARN_INFINITE_RECURSION = YES;
				CLANG_WARN_INT_CONVERSION = YES;
				CLANG_WARN_NON_LITERAL_NULL_CONVERSION = YES;
				CLANG_WARN_OBJC_IMPLICIT_RETAIN_SELF = YES;
				CLANG_WARN_OBJC_LITERAL_CONVERSION = YES;
				CLANG_WARN_OBJC_ROOT_CLASS = YES_ERROR;
				CLANG_WARN_QUOTED_INCLUDE_IN_FRAMEWORK_HEADER = YES;
				CLANG_WARN_RANGE_LOOP_ANALYSIS = YES;
				CLANG_WARN_STRICT_PROTOTYPES = YES;
				CLANG_WARN_SUSPICIOUS_MOVE = YES;
				CLANG_WARN_UNGUARDED_AVAILABILITY = YES_AGGRESSIVE;
				CLANG_WARN_UNREACHABLE_CODE = YES;
				CLANG_WARN__DUPLICATE_METHOD_MATCH = YES;
				COPY_PHASE_STRIP = NO;
				DEBUG_INFORMATION_FORMAT = "dwarf-with-dsym";
				ENABLE_NS_ASSERTIONS = NO;
				ENABLE_STRICT_OBJC_MSGSEND = YES;
				GCC_C_LANGUAGE_STANDARD = gnu11;
				GCC_NO_COMMON_BLOCKS = YES;
				GCC_WARN_64_TO_32_BIT_CONVERSION = YES;
				GCC_WARN_ABOUT_RETURN_TYPE = YES_ERROR;
				GCC_WARN_UNDECLARED_SELECTOR = YES;
				GCC_WARN_UNINITIALIZED_AUTOS = YES_AGGRESSIVE;
				GCC_WARN_UNUSED_FUNCTION = YES;
				GCC_WARN_UNUSED_VARIABLE = YES;
				MTL_ENABLE_DEBUG_INFO = NO;
				MTL_FAST_MATH = YES;
				SDKROOT = iphoneos;
				SWIFT_COMPILATION_MODE = wholemodule;
				SWIFT_OPTIMIZATION_LEVEL = "-O";
				VALIDATE_PRODUCT = YES;
			};
			name = Release;
		};
		5807A23627716081002847DF /* Debug */ = {
			isa = XCBuildConfiguration;
			buildSettings = {
				ASSETCATALOG_COMPILER_COMPLICATION_NAME = Complication;
				CODE_SIGN_ENTITLEMENTS = "Woof Walk WatchKit Extension/Woof Walk WatchKit Extension.entitlements";
				CODE_SIGN_STYLE = Automatic;
				CURRENT_PROJECT_VERSION = 1;
				DEVELOPMENT_ASSET_PATHS = "\"Woof Walk WatchKit Extension/Preview Content\"";
				DEVELOPMENT_TEAM = 5SVL2L4EZ6;
				ENABLE_PREVIEWS = YES;
				GENERATE_INFOPLIST_FILE = YES;
				INFOPLIST_FILE = "Woof Walk WatchKit Extension/Info.plist";
				INFOPLIST_KEY_CFBundleDisplayName = "Woof Walk WatchKit Extension";
				INFOPLIST_KEY_CLKComplicationPrincipalClass = Woof_Walk_WatchKit_Extension.ComplicationController;
				INFOPLIST_KEY_NSHealthShareUsageDescription = "For writing workout data.";
				INFOPLIST_KEY_NSHealthUpdateUsageDescription = "For reading workout data.";
				INFOPLIST_KEY_NSHumanReadableCopyright = "";
				INFOPLIST_KEY_WKWatchOnly = YES;
				LD_RUNPATH_SEARCH_PATHS = (
					"$(inherited)",
					"@executable_path/Frameworks",
					"@executable_path/../../Frameworks",
				);
				MARKETING_VERSION = 1.0;
				PRODUCT_BUNDLE_IDENTIFIER = "com.michdavidadams.Woof-Walk.watchkitapp.watchkitextension";
				PRODUCT_NAME = "${TARGET_NAME}";
				SDKROOT = watchos;
				SKIP_INSTALL = YES;
				SWIFT_EMIT_LOC_STRINGS = YES;
				SWIFT_VERSION = 5.0;
				TARGETED_DEVICE_FAMILY = 4;
				WATCHOS_DEPLOYMENT_TARGET = 8.3;
			};
			name = Debug;
		};
		5807A23727716081002847DF /* Release */ = {
			isa = XCBuildConfiguration;
			buildSettings = {
				ASSETCATALOG_COMPILER_COMPLICATION_NAME = Complication;
				CODE_SIGN_ENTITLEMENTS = "Woof Walk WatchKit Extension/Woof Walk WatchKit Extension.entitlements";
				CODE_SIGN_STYLE = Automatic;
				CURRENT_PROJECT_VERSION = 1;
				DEVELOPMENT_ASSET_PATHS = "\"Woof Walk WatchKit Extension/Preview Content\"";
				DEVELOPMENT_TEAM = 5SVL2L4EZ6;
				ENABLE_PREVIEWS = YES;
				GENERATE_INFOPLIST_FILE = YES;
				INFOPLIST_FILE = "Woof Walk WatchKit Extension/Info.plist";
				INFOPLIST_KEY_CFBundleDisplayName = "Woof Walk WatchKit Extension";
				INFOPLIST_KEY_CLKComplicationPrincipalClass = Woof_Walk_WatchKit_Extension.ComplicationController;
				INFOPLIST_KEY_NSHealthShareUsageDescription = "For writing workout data.";
				INFOPLIST_KEY_NSHealthUpdateUsageDescription = "For reading workout data.";
				INFOPLIST_KEY_NSHumanReadableCopyright = "";
				INFOPLIST_KEY_WKWatchOnly = YES;
				LD_RUNPATH_SEARCH_PATHS = (
					"$(inherited)",
					"@executable_path/Frameworks",
					"@executable_path/../../Frameworks",
				);
				MARKETING_VERSION = 1.0;
				PRODUCT_BUNDLE_IDENTIFIER = "com.michdavidadams.Woof-Walk.watchkitapp.watchkitextension";
				PRODUCT_NAME = "${TARGET_NAME}";
				SDKROOT = watchos;
				SKIP_INSTALL = YES;
				SWIFT_EMIT_LOC_STRINGS = YES;
				SWIFT_VERSION = 5.0;
				TARGETED_DEVICE_FAMILY = 4;
				WATCHOS_DEPLOYMENT_TARGET = 8.3;
			};
			name = Release;
		};
		5807A23A27716081002847DF /* Debug */ = {
			isa = XCBuildConfiguration;
			buildSettings = {
				ALWAYS_EMBED_SWIFT_STANDARD_LIBRARIES = YES;
				ASSETCATALOG_COMPILER_APPICON_NAME = AppIcon;
				ASSETCATALOG_COMPILER_GLOBAL_ACCENT_COLOR_NAME = AccentColor;
				CODE_SIGN_STYLE = Automatic;
				CURRENT_PROJECT_VERSION = 1;
				DEVELOPMENT_TEAM = 5SVL2L4EZ6;
				GENERATE_INFOPLIST_FILE = YES;
				IBSC_MODULE = Woof_Walk_WatchKit_Extension;
				INFOPLIST_KEY_CFBundleDisplayName = "Woof Walk WatchKit App";
				INFOPLIST_KEY_UISupportedInterfaceOrientations = "UIInterfaceOrientationPortrait UIInterfaceOrientationPortraitUpsideDown";
				MARKETING_VERSION = 1.0;
				PRODUCT_BUNDLE_IDENTIFIER = "com.michdavidadams.Woof-Walk.watchkitapp";
				PRODUCT_NAME = "$(TARGET_NAME)";
				SDKROOT = watchos;
				SKIP_INSTALL = YES;
				SWIFT_EMIT_LOC_STRINGS = YES;
				SWIFT_VERSION = 5.0;
				TARGETED_DEVICE_FAMILY = 4;
				WATCHOS_DEPLOYMENT_TARGET = 8.3;
			};
			name = Debug;
		};
		5807A23B27716081002847DF /* Release */ = {
			isa = XCBuildConfiguration;
			buildSettings = {
				ALWAYS_EMBED_SWIFT_STANDARD_LIBRARIES = YES;
				ASSETCATALOG_COMPILER_APPICON_NAME = AppIcon;
				ASSETCATALOG_COMPILER_GLOBAL_ACCENT_COLOR_NAME = AccentColor;
				CODE_SIGN_STYLE = Automatic;
				CURRENT_PROJECT_VERSION = 1;
				DEVELOPMENT_TEAM = 5SVL2L4EZ6;
				GENERATE_INFOPLIST_FILE = YES;
				IBSC_MODULE = Woof_Walk_WatchKit_Extension;
				INFOPLIST_KEY_CFBundleDisplayName = "Woof Walk WatchKit App";
				INFOPLIST_KEY_UISupportedInterfaceOrientations = "UIInterfaceOrientationPortrait UIInterfaceOrientationPortraitUpsideDown";
				MARKETING_VERSION = 1.0;
				PRODUCT_BUNDLE_IDENTIFIER = "com.michdavidadams.Woof-Walk.watchkitapp";
				PRODUCT_NAME = "$(TARGET_NAME)";
				SDKROOT = watchos;
				SKIP_INSTALL = YES;
				SWIFT_EMIT_LOC_STRINGS = YES;
				SWIFT_VERSION = 5.0;
				TARGETED_DEVICE_FAMILY = 4;
				WATCHOS_DEPLOYMENT_TARGET = 8.3;
			};
			name = Release;
		};
		5807A23E27716081002847DF /* Debug */ = {
			isa = XCBuildConfiguration;
			buildSettings = {
				CODE_SIGN_STYLE = Automatic;
				CURRENT_PROJECT_VERSION = 1;
				DEVELOPMENT_TEAM = 5SVL2L4EZ6;
				MARKETING_VERSION = 1.0;
				PRODUCT_BUNDLE_IDENTIFIER = "com.michdavidadams.Woof-Walk";
				PRODUCT_NAME = "$(TARGET_NAME)";
				SWIFT_VERSION = 5.0;
			};
			name = Debug;
		};
		5807A23F27716081002847DF /* Release */ = {
			isa = XCBuildConfiguration;
			buildSettings = {
				CODE_SIGN_STYLE = Automatic;
				CURRENT_PROJECT_VERSION = 1;
				DEVELOPMENT_TEAM = 5SVL2L4EZ6;
				MARKETING_VERSION = 1.0;
				PRODUCT_BUNDLE_IDENTIFIER = "com.michdavidadams.Woof-Walk";
				PRODUCT_NAME = "$(TARGET_NAME)";
				SWIFT_VERSION = 5.0;
			};
			name = Release;
		};
/* End XCBuildConfiguration section */

/* Begin XCConfigurationList section */
		5807A20B27716075002847DF /* Build configuration list for PBXProject "Woof Walk" */ = {
			isa = XCConfigurationList;
			buildConfigurations = (
				5807A23327716081002847DF /* Debug */,
				5807A23427716081002847DF /* Release */,
			);
			defaultConfigurationIsVisible = 0;
			defaultConfigurationName = Release;
		};
		5807A23527716081002847DF /* Build configuration list for PBXNativeTarget "Woof Walk WatchKit Extension" */ = {
			isa = XCConfigurationList;
			buildConfigurations = (
				5807A23627716081002847DF /* Debug */,
				5807A23727716081002847DF /* Release */,
			);
			defaultConfigurationIsVisible = 0;
			defaultConfigurationName = Release;
		};
		5807A23927716081002847DF /* Build configuration list for PBXNativeTarget "Woof Walk WatchKit App" */ = {
			isa = XCConfigurationList;
			buildConfigurations = (
				5807A23A27716081002847DF /* Debug */,
				5807A23B27716081002847DF /* Release */,
			);
			defaultConfigurationIsVisible = 0;
			defaultConfigurationName = Release;
		};
		5807A23D27716081002847DF /* Build configuration list for PBXNativeTarget "Woof Walk" */ = {
			isa = XCConfigurationList;
			buildConfigurations = (
				5807A23E27716081002847DF /* Debug */,
				5807A23F27716081002847DF /* Release */,
			);
			defaultConfigurationIsVisible = 0;
			defaultConfigurationName = Release;
		};
/* End XCConfigurationList section */
	};
	rootObject = 5807A20827716075002847DF /* Project object */;
}
